
Microsoft Visual Studio Solution File, Format Version 12.00
# Visual Studio Version 17
VisualStudioVersion = 17.13.35806.99 d17.13
MinimumVisualStudioVersion = 10.0.40219.1
Project("{FAE04EC0-301F-11D3-BF4B-00C04F79EFBC}") = "AzureLearnWebApp", "AzureLearnWebApp\AzureLearnWebApp.csproj", "{C77F07DC-E53D-4F19-9F40-E5999AF5946C}"
EndProject
Global
	GlobalSection(SolutionConfigurationPlatforms) = preSolution
		Debug|Any CPU = Debug|Any CPU
		Release|Any CPU = Release|Any CPU
	EndGlobalSection
	GlobalSection(ProjectConfigurationPlatforms) = postSolution
		{C77F07DC-E53D-4F19-9F40-E5999AF5946C}.Debug|Any CPU.ActiveCfg = Debug|Any CPU
		{C77F07DC-E53D-4F19-9F40-E5999AF5946C}.Debug|Any CPU.Build.0 = Debug|Any CPU
		{C77F07DC-E53D-4F19-9F40-E5999AF5946C}.Release|Any CPU.ActiveCfg = Release|Any CPU
		{C77F07DC-E53D-4F19-9F40-E5999AF5946C}.Release|Any CPU.Build.0 = Release|Any CPU
	EndGlobalSection
	GlobalSection(SolutionProperties) = preSolution
		HideSolutionNode = FALSE
	EndGlobalSection
	GlobalSection(ExtensibilityGlobals) = postSolution
		SolutionGuid = {71CE4F62-7F2D-4AFA-B545-04016C1B895F}
	EndGlobalSection
EndGlobal
